
Microsoft Visual Studio Solution File, Format Version 12.00
# Visual Studio Version 17
VisualStudioVersion = 17.4.33122.133
MinimumVisualStudioVersion = 10.0.40219.1
Project("{9A19103F-16F7-4668-BE54-9A1E7A4F7556}") = "Unity_Engine_Settings", "Unity_Engine_Settings\Unity_Engine_Settings.csproj", "{8BD8E3AB-E128-4990-A1C2-DA87A9FDFD7D}"
EndProject
Global
	GlobalSection(SolutionConfigurationPlatforms) = preSolution
		Debug|Any CPU = Debug|Any CPU
		Release|Any CPU = Release|Any CPU
	EndGlobalSection
	GlobalSection(ProjectConfigurationPlatforms) = postSolution
		{8BD8E3AB-E128-4990-A1C2-DA87A9FDFD7D}.Debug|Any CPU.ActiveCfg = Debug|Any CPU
		{8BD8E3AB-E128-4990-A1C2-DA87A9FDFD7D}.Debug|Any CPU.Build.0 = Debug|Any CPU
		{8BD8E3AB-E128-4990-A1C2-DA87A9FDFD7D}.Release|Any CPU.ActiveCfg = Release|Any CPU
		{8BD8E3AB-E128-4990-A1C2-DA87A9FDFD7D}.Release|Any CPU.Build.0 = Release|Any CPU
	EndGlobalSection
	GlobalSection(SolutionProperties) = preSolution
		HideSolutionNode = FALSE
	EndGlobalSection
	GlobalSection(ExtensibilityGlobals) = postSolution
		SolutionGuid = {A308F297-7CD4-42FF-8E5F-09EFD58027C9}
	EndGlobalSection
EndGlobal
